
Microsoft Visual Studio Solution File, Format Version 12.00
# Visual Studio Version 16
VisualStudioVersion = 16.0.30517.126
MinimumVisualStudioVersion = 10.0.40219.1
Project("{9A19103F-16F7-4668-BE54-9A1E7A4F7556}") = "Librarian", "Librarian\Librarian.csproj", "{C3591866-35AB-40C0-9119-03C7F7B87A0E}"
EndProject
Global
	GlobalSection(SolutionConfigurationPlatforms) = preSolution
		Debug|Any CPU = Debug|Any CPU
		Release|Any CPU = Release|Any CPU
	EndGlobalSection
	GlobalSection(ProjectConfigurationPlatforms) = postSolution
		{C3591866-35AB-40C0-9119-03C7F7B87A0E}.Debug|Any CPU.ActiveCfg = Debug|Any CPU
		{C3591866-35AB-40C0-9119-03C7F7B87A0E}.Debug|Any CPU.Build.0 = Debug|Any CPU
		{C3591866-35AB-40C0-9119-03C7F7B87A0E}.Release|Any CPU.ActiveCfg = Release|Any CPU
		{C3591866-35AB-40C0-9119-03C7F7B87A0E}.Release|Any CPU.Build.0 = Release|Any CPU
	EndGlobalSection
	GlobalSection(SolutionProperties) = preSolution
		HideSolutionNode = FALSE
	EndGlobalSection
	GlobalSection(ExtensibilityGlobals) = postSolution
		SolutionGuid = {BA74F49C-3DBD-4F13-8DD7-DA64EABD79C8}
	EndGlobalSection
EndGlobal
